
Microsoft Visual Studio Solution File, Format Version 12.00
# Visual Studio Version 17
VisualStudioVersion = 17.3.32901.215
MinimumVisualStudioVersion = 10.0.40219.1
Project("{FAE04EC0-301F-11D3-BF4B-00C04F79EFBC}") = "MyProject", "MyProject\MyProject.csproj", "{8AAD0D1F-C587-4F8B-AD21-CC117307E6EA}"
EndProject
Global
	GlobalSection(SolutionConfigurationPlatforms) = preSolution
		Debug|Any CPU = Debug|Any CPU
		Release|Any CPU = Release|Any CPU
	EndGlobalSection
	GlobalSection(ProjectConfigurationPlatforms) = postSolution
		{8AAD0D1F-C587-4F8B-AD21-CC117307E6EA}.Debug|Any CPU.ActiveCfg = Debug|Any CPU
		{8AAD0D1F-C587-4F8B-AD21-CC117307E6EA}.Debug|Any CPU.Build.0 = Debug|Any CPU
		{8AAD0D1F-C587-4F8B-AD21-CC117307E6EA}.Release|Any CPU.ActiveCfg = Release|Any CPU
		{8AAD0D1F-C587-4F8B-AD21-CC117307E6EA}.Release|Any CPU.Build.0 = Release|Any CPU
	EndGlobalSection
	GlobalSection(SolutionProperties) = preSolution
		HideSolutionNode = FALSE
	EndGlobalSection
	GlobalSection(ExtensibilityGlobals) = postSolution
		SolutionGuid = {C8A8CF0A-B790-4BDC-815A-3CE7E85F8071}
	EndGlobalSection
EndGlobal
